
Microsoft Visual Studio Solution File, Format Version 12.00
# Visual Studio Version 17
VisualStudioVersion = 17.5.33530.505
MinimumVisualStudioVersion = 10.0.40219.1
Project("{FAE04EC0-301F-11D3-BF4B-00C04F79EFBC}") = "LeaveManagement.Web", "LeaveManagement.Web\LeaveManagement.Web.csproj", "{06EA894A-D4BC-482D-ACFA-175A210FFD9A}"
EndProject
Global
	GlobalSection(SolutionConfigurationPlatforms) = preSolution
		Debug|Any CPU = Debug|Any CPU
		Release|Any CPU = Release|Any CPU
	EndGlobalSection
	GlobalSection(ProjectConfigurationPlatforms) = postSolution
		{06EA894A-D4BC-482D-ACFA-175A210FFD9A}.Debug|Any CPU.ActiveCfg = Debug|Any CPU
		{06EA894A-D4BC-482D-ACFA-175A210FFD9A}.Debug|Any CPU.Build.0 = Debug|Any CPU
		{06EA894A-D4BC-482D-ACFA-175A210FFD9A}.Release|Any CPU.ActiveCfg = Release|Any CPU
		{06EA894A-D4BC-482D-ACFA-175A210FFD9A}.Release|Any CPU.Build.0 = Release|Any CPU
	EndGlobalSection
	GlobalSection(SolutionProperties) = preSolution
		HideSolutionNode = FALSE
	EndGlobalSection
	GlobalSection(ExtensibilityGlobals) = postSolution
		SolutionGuid = {D0B07A19-37EF-49FF-8639-8CE4190E2FFB}
	EndGlobalSection
EndGlobal
